
Microsoft Visual Studio Solution File, Format Version 12.00
# Visual Studio Version 16
VisualStudioVersion = 16.0.28922.388
MinimumVisualStudioVersion = 10.0.40219.1
Project("{8BC9CEB8-8B4A-11D0-8D11-00A0C91BC942}") = "Review Pointers", "Review Pointers.vcxproj", "{D9858427-A593-49B7-8042-901F35852745}"
EndProject
Global
	GlobalSection(SolutionConfigurationPlatforms) = preSolution
		Debug|x64 = Debug|x64
		Debug|x86 = Debug|x86
		Release|x64 = Release|x64
		Release|x86 = Release|x86
	EndGlobalSection
	GlobalSection(ProjectConfigurationPlatforms) = postSolution
		{D9858427-A593-49B7-8042-901F35852745}.Debug|x64.ActiveCfg = Debug|x64
		{D9858427-A593-49B7-8042-901F35852745}.Debug|x64.Build.0 = Debug|x64
		{D9858427-A593-49B7-8042-901F35852745}.Debug|x86.ActiveCfg = Debug|Win32
		{D9858427-A593-49B7-8042-901F35852745}.Debug|x86.Build.0 = Debug|Win32
		{D9858427-A593-49B7-8042-901F35852745}.Release|x64.ActiveCfg = Release|x64
		{D9858427-A593-49B7-8042-901F35852745}.Release|x64.Build.0 = Release|x64
		{D9858427-A593-49B7-8042-901F35852745}.Release|x86.ActiveCfg = Release|Win32
		{D9858427-A593-49B7-8042-901F35852745}.Release|x86.Build.0 = Release|Win32
	EndGlobalSection
	GlobalSection(SolutionProperties) = preSolution
		HideSolutionNode = FALSE
	EndGlobalSection
	GlobalSection(ExtensibilityGlobals) = postSolution
		SolutionGuid = {319891D7-0C03-41EE-A5AC-7B3F2430ACAC}
	EndGlobalSection
EndGlobal
